dependencies:
- name: assets
  repository: file://assets/
  version: 0.1.0
- name: carts
  repository: file://carts/
  version: 0.1.0
- name: catalog
  repository: file://catalog/
  version: 0.1.0
- name: checkout
  repository: file://checkout/
  version: 0.1.0
- name: orders
  repository: file://orders/
  version: 0.1.0
- name: others
  repository: file://others/
  version: 0.1.0
- name: rabbitmq
  repository: file://rabbitmq/
  version: 0.1.0
- name: ui
  repository: file://ui/
  version: 0.1.0
- name: karpenter
  repository: file://ui/
  version: 0.1.0
digest: sha256:17038443802885d9a2d213cb7646e8c25f63bd86efc6b3ce7065435c00c57fdc
generated: "2023-03-27T15:30:54.899884374+03:00"
