dependencies:
- name: assets
  repository: file://assets/
  version: 0.1.0
- name: carts
  repository: file://carts/
  version: 0.1.0
- name: catalog
  repository: file://catalog/
  version: 0.1.0
- name: checkout
  repository: file://checkout/
  version: 0.1.0
- name: orders
  repository: file://orders/
  version: 0.1.0
- name: others
  repository: file://others/
  version: 0.1.0
- name: rabbitmq
  repository: file://rabbitmq/
  version: 0.1.0
- name: ui
  repository: file://ui/
  version: 0.1.0
- name: karpenter
  repository: file://karpenter/
  version: 0.1.0
digest: sha256:3e142df33c9514974158031d9b7aaf28d7f3ec2c3b98bed806090ba29b5edfd1
generated: "2023-03-27T17:02:15.793536361+03:00"
